Microsoft Visual Studio Solution File, Format Version 12.00
# Visual Studio Version 17
VisualStudioVersion = 17.0.31903.59
MinimumVisualStudioVersion = 10.0.40219.1
Project("{FAE04EC0-301F-11D3-BF4B-00C04F79EFBC}") = "NaviFreight.Api", "src\NaviFreight.Api\NaviFreight.Api.csproj", "{F9B9E89A-C658-4833-B06D-01DDB490CC8D}"
EndProject
Global
	GlobalSection(SolutionConfigurationPlatforms) = preSolution
		Debug|Any CPU = Debug|Any CPU
		Release|Any CPU = Release|Any CPU
	EndGlobalSection
	GlobalSection(ProjectConfigurationPlatforms) = postSolution
		{F9B9E89A-C658-4833-B06D-01DDB490CC8D}.Debug|Any CPU.ActiveCfg = Debug|Any CPU
		{F9B9E89A-C658-4833-B06D-01DDB490CC8D}.Debug|Any CPU.Build.0 = Debug|Any CPU
		{F9B9E89A-C658-4833-B06D-01DDB490CC8D}.Release|Any CPU.ActiveCfg = Release|Any CPU
		{F9B9E89A-C658-4833-B06D-01DDB490CC8D}.Release|Any CPU.Build.0 = Release|Any CPU
	EndGlobalSection
	GlobalSection(SolutionProperties) = preSolution
		HideSolutionNode = FALSE
	EndGlobalSection
EndGlobal
